
Microsoft Visual Studio Solution File, Format Version 12.00
Project("{FAE04EC0-301F-11D3-BF4B-00C04F79EFBC}") = "WagonWheel.STS", "WagonWheel.STS\WagonWheel.STS.csproj", "{50CBE7BE-B7F7-4301-9B76-12DA21DDC5D5}"
EndProject
Project("{FAE04EC0-301F-11D3-BF4B-00C04F79EFBC}") = "WagonWheel.MVC", "WagonWheel.MVC\WagonWheel.MVC.csproj", "{EBBE8834-7A8D-4770-BFBA-C37A06B452CD}"
EndProject
Global
	GlobalSection(SolutionConfigurationPlatforms) = preSolution
		Debug|Any CPU = Debug|Any CPU
		Release|Any CPU = Release|Any CPU
	EndGlobalSection
	GlobalSection(ProjectConfigurationPlatforms) = postSolution
		{50CBE7BE-B7F7-4301-9B76-12DA21DDC5D5}.Debug|Any CPU.ActiveCfg = Debug|Any CPU
		{50CBE7BE-B7F7-4301-9B76-12DA21DDC5D5}.Debug|Any CPU.Build.0 = Debug|Any CPU
		{50CBE7BE-B7F7-4301-9B76-12DA21DDC5D5}.Release|Any CPU.ActiveCfg = Release|Any CPU
		{50CBE7BE-B7F7-4301-9B76-12DA21DDC5D5}.Release|Any CPU.Build.0 = Release|Any CPU
		{EBBE8834-7A8D-4770-BFBA-C37A06B452CD}.Debug|Any CPU.ActiveCfg = Debug|Any CPU
		{EBBE8834-7A8D-4770-BFBA-C37A06B452CD}.Debug|Any CPU.Build.0 = Debug|Any CPU
		{EBBE8834-7A8D-4770-BFBA-C37A06B452CD}.Release|Any CPU.ActiveCfg = Release|Any CPU
		{EBBE8834-7A8D-4770-BFBA-C37A06B452CD}.Release|Any CPU.Build.0 = Release|Any CPU
	EndGlobalSection
EndGlobal
